
Microsoft Visual Studio Solution File, Format Version 12.00
# Visual Studio Version 16
VisualStudioVersion = 16.0.29709.97
MinimumVisualStudioVersion = 10.0.40219.1
Project("{9A19103F-16F7-4668-BE54-9A1E7A4F7556}") = "Q1", "Q1\Q1.csproj", "{2F3C1E81-2FF1-4BBC-8326-DF1ED1C9E80D}"
EndProject
Project("{FAE04EC0-301F-11D3-BF4B-00C04F79EFBC}") = "Q2", "Q2\Q2.csproj", "{DC44AA60-CB31-4A96-92C9-9ED5799E4D3C}"
EndProject
Global
	GlobalSection(SolutionConfigurationPlatforms) = preSolution
		Debug|Any CPU = Debug|Any CPU
		Release|Any CPU = Release|Any CPU
	EndGlobalSection
	GlobalSection(ProjectConfigurationPlatforms) = postSolution
		{2F3C1E81-2FF1-4BBC-8326-DF1ED1C9E80D}.Debug|Any CPU.ActiveCfg = Debug|Any CPU
		{2F3C1E81-2FF1-4BBC-8326-DF1ED1C9E80D}.Debug|Any CPU.Build.0 = Debug|Any CPU
		{2F3C1E81-2FF1-4BBC-8326-DF1ED1C9E80D}.Release|Any CPU.ActiveCfg = Release|Any CPU
		{2F3C1E81-2FF1-4BBC-8326-DF1ED1C9E80D}.Release|Any CPU.Build.0 = Release|Any CPU
		{DC44AA60-CB31-4A96-92C9-9ED5799E4D3C}.Debug|Any CPU.ActiveCfg = Debug|Any CPU
		{DC44AA60-CB31-4A96-92C9-9ED5799E4D3C}.Debug|Any CPU.Build.0 = Debug|Any CPU
		{DC44AA60-CB31-4A96-92C9-9ED5799E4D3C}.Release|Any CPU.ActiveCfg = Release|Any CPU
		{DC44AA60-CB31-4A96-92C9-9ED5799E4D3C}.Release|Any CPU.Build.0 = Release|Any CPU
	EndGlobalSection
	GlobalSection(SolutionProperties) = preSolution
		HideSolutionNode = FALSE
	EndGlobalSection
	GlobalSection(ExtensibilityGlobals) = postSolution
		SolutionGuid = {81F39575-B01B-4935-8494-88A0BF6A2E05}
	EndGlobalSection
EndGlobal
