
Microsoft Visual Studio Solution File, Format Version 12.00
# Visual Studio Version 16
VisualStudioVersion = 16.0.29728.190
MinimumVisualStudioVersion = 10.0.40219.1
Project("{FAE04EC0-301F-11D3-BF4B-00C04F79EFBC}") = "Q1", "Q1\Q1.csproj", "{1264FCFA-E726-476A-B467-E897FB6E8FAE}"
EndProject
Global
	GlobalSection(SolutionConfigurationPlatforms) = preSolution
		Debug|Any CPU = Debug|Any CPU
		Release|Any CPU = Release|Any CPU
	EndGlobalSection
	GlobalSection(ProjectConfigurationPlatforms) = postSolution
		{1264FCFA-E726-476A-B467-E897FB6E8FAE}.Debug|Any CPU.ActiveCfg = Debug|Any CPU
		{1264FCFA-E726-476A-B467-E897FB6E8FAE}.Debug|Any CPU.Build.0 = Debug|Any CPU
		{1264FCFA-E726-476A-B467-E897FB6E8FAE}.Release|Any CPU.ActiveCfg = Release|Any CPU
		{1264FCFA-E726-476A-B467-E897FB6E8FAE}.Release|Any CPU.Build.0 = Release|Any CPU
	EndGlobalSection
	GlobalSection(SolutionProperties) = preSolution
		HideSolutionNode = FALSE
	EndGlobalSection
	GlobalSection(ExtensibilityGlobals) = postSolution
		SolutionGuid = {DF6B0DE1-8C48-498B-9579-88AAD5B355F2}
	EndGlobalSection
EndGlobal
