
Microsoft Visual Studio Solution File, Format Version 12.00
# Visual Studio Version 16
VisualStudioVersion = 16.0.29009.5
MinimumVisualStudioVersion = 10.0.40219.1
Project("{FAE04EC0-301F-11D3-BF4B-00C04F79EFBC}") = "Q1", "Q1\Q1.csproj", "{840163B1-9138-40EF-8401-CFC0A5C43EAE}"
EndProject
Global
	GlobalSection(SolutionConfigurationPlatforms) = preSolution
		Debug|Any CPU = Debug|Any CPU
		Release|Any CPU = Release|Any CPU
	EndGlobalSection
	GlobalSection(ProjectConfigurationPlatforms) = postSolution
		{840163B1-9138-40EF-8401-CFC0A5C43EAE}.Debug|Any CPU.ActiveCfg = Debug|Any CPU
		{840163B1-9138-40EF-8401-CFC0A5C43EAE}.Debug|Any CPU.Build.0 = Debug|Any CPU
		{840163B1-9138-40EF-8401-CFC0A5C43EAE}.Release|Any CPU.ActiveCfg = Release|Any CPU
		{840163B1-9138-40EF-8401-CFC0A5C43EAE}.Release|Any CPU.Build.0 = Release|Any CPU
	EndGlobalSection
	GlobalSection(SolutionProperties) = preSolution
		HideSolutionNode = FALSE
	EndGlobalSection
	GlobalSection(ExtensibilityGlobals) = postSolution
		SolutionGuid = {611232AE-ADDB-497D-9884-246C68CC1675}
	EndGlobalSection
EndGlobal
