
Microsoft Visual Studio Solution File, Format Version 12.00
# Visual Studio Version 16
VisualStudioVersion = 16.0.29806.167
MinimumVisualStudioVersion = 10.0.40219.1
Project("{FAE04EC0-301F-11D3-BF4B-00C04F79EFBC}") = "Q1", "Q1\Q1.csproj", "{630C1B5D-6EB2-4CA7-9CCA-5481B9088B71}"
EndProject
Global
	GlobalSection(SolutionConfigurationPlatforms) = preSolution
		Debug|Any CPU = Debug|Any CPU
		Release|Any CPU = Release|Any CPU
	EndGlobalSection
	GlobalSection(ProjectConfigurationPlatforms) = postSolution
		{630C1B5D-6EB2-4CA7-9CCA-5481B9088B71}.Debug|Any CPU.ActiveCfg = Debug|Any CPU
		{630C1B5D-6EB2-4CA7-9CCA-5481B9088B71}.Debug|Any CPU.Build.0 = Debug|Any CPU
		{630C1B5D-6EB2-4CA7-9CCA-5481B9088B71}.Release|Any CPU.ActiveCfg = Release|Any CPU
		{630C1B5D-6EB2-4CA7-9CCA-5481B9088B71}.Release|Any CPU.Build.0 = Release|Any CPU
	EndGlobalSection
	GlobalSection(SolutionProperties) = preSolution
		HideSolutionNode = FALSE
	EndGlobalSection
	GlobalSection(ExtensibilityGlobals) = postSolution
		SolutionGuid = {14818439-266E-4D97-ABD2-3A72BF55FF21}
	EndGlobalSection
EndGlobal
